
Microsoft Visual Studio Solution File, Format Version 12.00
# Visual Studio Version 17
VisualStudioVersion = 17.3.32804.467
MinimumVisualStudioVersion = 10.0.40219.1
Project("{FAE04EC0-301F-11D3-BF4B-00C04F79EFBC}") = "mini proj 2 _hogwarts", "mini proj 2 _hogwarts\mini proj 2 _hogwarts.csproj", "{45F25CD7-394F-4EFA-B649-89D9BC3B0427}"
EndProject
Global
	GlobalSection(SolutionConfigurationPlatforms) = preSolution
		Debug|Any CPU = Debug|Any CPU
		Release|Any CPU = Release|Any CPU
	EndGlobalSection
	GlobalSection(ProjectConfigurationPlatforms) = postSolution
		{45F25CD7-394F-4EFA-B649-89D9BC3B0427}.Debug|Any CPU.ActiveCfg = Debug|Any CPU
		{45F25CD7-394F-4EFA-B649-89D9BC3B0427}.Debug|Any CPU.Build.0 = Debug|Any CPU
		{45F25CD7-394F-4EFA-B649-89D9BC3B0427}.Release|Any CPU.ActiveCfg = Release|Any CPU
		{45F25CD7-394F-4EFA-B649-89D9BC3B0427}.Release|Any CPU.Build.0 = Release|Any CPU
	EndGlobalSection
	GlobalSection(SolutionProperties) = preSolution
		HideSolutionNode = FALSE
	EndGlobalSection
	GlobalSection(ExtensibilityGlobals) = postSolution
		SolutionGuid = {342C05C3-1868-4A8B-9F13-793CCCDEEFB1}
	EndGlobalSection
EndGlobal
